<?xml version="1.0" encoding="UTF-8" standalone="yes" ?>
<CodeBlocks_project_file>
	<FileVersion major="1" minor="6" />
	<Project>
		<Option title="homework2" />
		<Option pch_mode="2" />
		<Option compiler="gcc" />
		<Build>
			<Target title="Debug">
				<Option output="bin/Debug/homework2" prefix_auto="1" extension_auto="1" />
				<Option working_dir="C:/Program Files (x86)/CodeBlocks/MinGW/bin" />
				<Option object_output="obj/Debug/" />
				<Option type="1" />
				<Option compiler="gcc" />
				<Option parameters="demo.txt input.txt" />
				<Compiler>
					<Add option="-g" />
				</Compiler>
				<Linker>
					<Add library="../../../../../Program Files (x86)/CodeBlocks/MinGW/lib/glew32s.lib" />
					<Add library="../../../../../Program Files (x86)/CodeBlocks/MinGW/lib/glew32.lib" />
					<Add library="../../../../../Program Files (x86)/CodeBlocks/MinGW/lib/glut32.lib" />
					<Add library="../../../../../Program Files (x86)/CodeBlocks/MinGW/lib/FreeImage.lib" />
					<Add library="../../../../../Program Files (x86)/CodeBlocks/MinGW/lib/glext.lib" />
				</Linker>
			</Target>
			<Target title="Release">
				<Option output="bin/Release/homework2" prefix_auto="1" extension_auto="1" />
				<Option working_dir="C:/Program Files (x86)/CodeBlocks/MinGW/bin" />
				<Option object_output="obj/Release/" />
				<Option type="0" />
				<Option compiler="gcc" />
				<Compiler>
					<Add option="-O2" />
				</Compiler>
				<Linker>
					<Add option="-s" />
				</Linker>
			</Target>
		</Build>
		<Compiler>
			<Add option="-Wall" />
			<Add directory="C:/Program Files (x86)/CodeBlocks/MinGW/include" />
		</Compiler>
		<Linker>
			<Add library="glut32" />
			<Add library="opengl32" />
			<Add library="glu32" />
			<Add library="winmm" />
			<Add library="gdi32" />
			<Add directory="C:/Program Files (x86)/CodeBlocks/MinGW/lib" />
		</Linker>
		<Unit filename="Transform.cpp" />
		<Unit filename="Transform.h" />
		<Unit filename="UCSD/grader.cpp" />
		<Unit filename="UCSD/grader.h" />
		<Unit filename="display.cpp" />
		<Unit filename="glew.c">
			<Option compilerVar="CC" />
		</Unit>
		<Unit filename="main.cpp" />
		<Unit filename="readfile.cpp" />
		<Unit filename="readfile.h" />
		<Unit filename="shaders.cpp" />
		<Unit filename="shaders.h" />
		<Unit filename="shaders/light.frag.glsl" />
		<Unit filename="shaders/light.vert.glsl" />
		<Unit filename="variables.h" />
		<Extensions>
			<code_completion />
			<envvars />
			<debugger />
			<lib_finder disable_auto="1" />
		</Extensions>
	</Project>
</CodeBlocks_project_file>
